
Microsoft Visual Studio Solution File, Format Version 12.00
# Visual Studio 15
VisualStudioVersion = 15.0.28010.2046
MinimumVisualStudioVersion = 10.0.40219.1
Project("{FAE04EC0-301F-11D3-BF4B-00C04F79EFBC}") = "EZI", "EZI\EZI.csproj", "{3D297D22-C4AE-46B5-B3F2-658FD090C3A9}"
EndProject
Global
	GlobalSection(SolutionConfigurationPlatforms) = preSolution
		Debug|Any CPU = Debug|Any CPU
		Release|Any CPU = Release|Any CPU
	EndGlobalSection
	GlobalSection(ProjectConfigurationPlatforms) = postSolution
		{3D297D22-C4AE-46B5-B3F2-658FD090C3A9}.Debug|Any CPU.ActiveCfg = Debug|Any CPU
		{3D297D22-C4AE-46B5-B3F2-658FD090C3A9}.Debug|Any CPU.Build.0 = Debug|Any CPU
		{3D297D22-C4AE-46B5-B3F2-658FD090C3A9}.Release|Any CPU.ActiveCfg = Release|Any CPU
		{3D297D22-C4AE-46B5-B3F2-658FD090C3A9}.Release|Any CPU.Build.0 = Release|Any CPU
	EndGlobalSection
	GlobalSection(SolutionProperties) = preSolution
		HideSolutionNode = FALSE
	EndGlobalSection
	GlobalSection(ExtensibilityGlobals) = postSolution
		SolutionGuid = {40C460A8-617F-46CD-9229-E13796FF0F72}
	EndGlobalSection
EndGlobal
